PODS:
  - Alamofire (4.8.2)
  - Swinject (2.7.1)
  - SwinjectStoryboard (2.2.0):
    - Swinject (~> 2.6)

DEPENDENCIES:
  - Alamofire (~> 4.7)
  - Swinject (~> 2.7.1)
  - SwinjectStoryboard (from `https://github.com/anuragajwani/SwinjectStoryboard`)

SPEC REPOS:
  https://github.com/CocoaPods/Specs.git:
    - Alamofire
  trunk:
    - Swinject

EXTERNAL SOURCES:
  SwinjectStoryboard:
    :git: https://github.com/anuragajwani/SwinjectStoryboard

CHECKOUT OPTIONS:
  SwinjectStoryboard:
    :commit: 821b5abd9d0bdfb05b589de652901152f4d5fa8f
    :git: https://github.com/anuragajwani/SwinjectStoryboard

SPEC CHECKSUMS:
  Alamofire: ae5c501addb7afdbb13687d7f2f722c78734c2d3
  Swinject: ddf78b8486dd9b71a667b852cad919ab4484478e
  SwinjectStoryboard: 32512ef16c2b0ff5b8f823b23539c4a50f6d3383

PODFILE CHECKSUM: f162867f42439e3a57e24b2a5e1e312d840fafca

COCOAPODS: 1.8.4
