// !$*UTF8*$!
{
	archiveVersion = 1;
	classes = {
	};
	objectVersion = 51;
	objects = {

/* Begin PBXBuildFile section */
		62FD70AF02635CACB2429E65 /* Pods_StarWarsDemo.framework in Frameworks */ = {isa = PBXBuildFile; fileRef = 0FD6A693703905F8E0AB29B0 /* Pods_StarWarsDemo.framework */; };
		7D605EAF2418D875008D038C /* PersonsViewInput.swift in Sources */ = {isa = PBXBuildFile; fileRef = 7D605EAE2418D875008D038C /* PersonsViewInput.swift */; };
		7D605EB8241A14FD008D038C /* StarJediRounded.ttf in Resources */ = {isa = PBXBuildFile; fileRef = 7D605EB7241A14FD008D038C /* StarJediRounded.ttf */; };
		7D8A3F332410DBD40063C803 /* URLSessionAPIManager.swift in Sources */ = {isa = PBXBuildFile; fileRef = 7D8A3F322410DBD40063C803 /* URLSessionAPIManager.swift */; };
		7D8A3F35241104DB0063C803 /* DetailViewInput.swift in Sources */ = {isa = PBXBuildFile; fileRef = 7D8A3F34241104DA0063C803 /* DetailViewInput.swift */; };
		7DA8A1C522E99E6900F42895 /* PersonsViewModel.swift in Sources */ = {isa = PBXBuildFile; fileRef = 7DA8A1C422E99E6900F42895 /* PersonsViewModel.swift */; };
		7DA8A1C722E99E9A00F42895 /* PersonsCoordinator.swift in Sources */ = {isa = PBXBuildFile; fileRef = 7DA8A1C622E99E9A00F42895 /* PersonsCoordinator.swift */; };
		7DA8A1C922E9A34F00F42895 /* PersonsCoordinatorImpl.swift in Sources */ = {isa = PBXBuildFile; fileRef = 7DA8A1C822E9A34F00F42895 /* PersonsCoordinatorImpl.swift */; };
		7DA8A1CB22E9AA8600F42895 /* PersonsViewModelImpl.swift in Sources */ = {isa = PBXBuildFile; fileRef = 7DA8A1CA22E9AA8600F42895 /* PersonsViewModelImpl.swift */; };
		7DA8A1CD22E9B6D600F42895 /* PersonAssembly.swift in Sources */ = {isa = PBXBuildFile; fileRef = 7DA8A1CC22E9B6D600F42895 /* PersonAssembly.swift */; };
		7DA8A1CF22E9B70300F42895 /* PersonAssemblyImpl.swift in Sources */ = {isa = PBXBuildFile; fileRef = 7DA8A1CE22E9B70300F42895 /* PersonAssemblyImpl.swift */; };
		7DA8A1D122E9D13500F42895 /* AppCoordinator.swift in Sources */ = {isa = PBXBuildFile; fileRef = 7DA8A1D022E9D13500F42895 /* AppCoordinator.swift */; };
		7DA8A1D322E9D15F00F42895 /* AppCoordinatorImpl.swift in Sources */ = {isa = PBXBuildFile; fileRef = 7DA8A1D222E9D15F00F42895 /* AppCoordinatorImpl.swift */; };
		7DA8A1D722E9D5B000F42895 /* Persons.storyboard in Resources */ = {isa = PBXBuildFile; fileRef = 7DA8A1D622E9D5B000F42895 /* Persons.storyboard */; };
		7DA8A1DF22EAE88200F42895 /* MainContainer.swift in Sources */ = {isa = PBXBuildFile; fileRef = 7DA8A1DE22EAE88200F42895 /* MainContainer.swift */; };
		7DA8A1EB22EB346A00F42895 /* Detail.storyboard in Resources */ = {isa = PBXBuildFile; fileRef = 7DA8A1EA22EB346A00F42895 /* Detail.storyboard */; };
		7DA8A1ED22EB34D100F42895 /* DetailAssembly.swift in Sources */ = {isa = PBXBuildFile; fileRef = 7DA8A1EC22EB34D100F42895 /* DetailAssembly.swift */; };
		7DA8A1EF22EB34F800F42895 /* DetailCoordinator.swift in Sources */ = {isa = PBXBuildFile; fileRef = 7DA8A1EE22EB34F800F42895 /* DetailCoordinator.swift */; };
		7DA8A1F122EB350600F42895 /* DetailCoordinatorImpl.swift in Sources */ = {isa = PBXBuildFile; fileRef = 7DA8A1F022EB350600F42895 /* DetailCoordinatorImpl.swift */; };
		7DA8A1F322EB355500F42895 /* DetailAssemblyImpl.swift in Sources */ = {isa = PBXBuildFile; fileRef = 7DA8A1F222EB355500F42895 /* DetailAssemblyImpl.swift */; };
		7DA8A1F522EB36F700F42895 /* DetailViewModel.swift in Sources */ = {isa = PBXBuildFile; fileRef = 7DA8A1F422EB36F700F42895 /* DetailViewModel.swift */; };
		7DA8A1F722EB370400F42895 /* DetailViewModelImpl.swift in Sources */ = {isa = PBXBuildFile; fileRef = 7DA8A1F622EB370400F42895 /* DetailViewModelImpl.swift */; };
		7DF0A13E22E6054000CE18C2 /* AppDelegate.swift in Sources */ = {isa = PBXBuildFile; fileRef = 7DF0A13D22E6054000CE18C2 /* AppDelegate.swift */; };
		7DF0A14322E6054000CE18C2 /* Main.storyboard in Resources */ = {isa = PBXBuildFile; fileRef = 7DF0A14122E6054000CE18C2 /* Main.storyboard */; };
		7DF0A14822E6054200CE18C2 /* Assets.xcassets in Resources */ = {isa = PBXBuildFile; fileRef = 7DF0A14722E6054200CE18C2 /* Assets.xcassets */; };
		7DF0A14B22E6054200CE18C2 /* LaunchScreen.storyboard in Resources */ = {isa = PBXBuildFile; fileRef = 7DF0A14922E6054200CE18C2 /* LaunchScreen.storyboard */; };
		7DF0A15922E70AD500CE18C2 /* DetailViewController.swift in Sources */ = {isa = PBXBuildFile; fileRef = 7DF0A15822E70AD500CE18C2 /* DetailViewController.swift */; };
		7DF0A15B22E72CAE00CE18C2 /* Person.swift in Sources */ = {isa = PBXBuildFile; fileRef = 7DF0A15A22E72CAE00CE18C2 /* Person.swift */; };
		7DF0A16322E741FC00CE18C2 /* Planet.swift in Sources */ = {isa = PBXBuildFile; fileRef = 7DF0A16222E741FC00CE18C2 /* Planet.swift */; };
		7DF0A16522E7433F00CE18C2 /* Film.swift in Sources */ = {isa = PBXBuildFile; fileRef = 7DF0A16422E7433F00CE18C2 /* Film.swift */; };
		7DF0A16722E743A000CE18C2 /* Starship.swift in Sources */ = {isa = PBXBuildFile; fileRef = 7DF0A16622E743A000CE18C2 /* Starship.swift */; };
		7DF0A16922E743E700CE18C2 /* Vehicle.swift in Sources */ = {isa = PBXBuildFile; fileRef = 7DF0A16822E743E700CE18C2 /* Vehicle.swift */; };
		7DF0A16B22E7450100CE18C2 /* Specie.swift in Sources */ = {isa = PBXBuildFile; fileRef = 7DF0A16A22E7450100CE18C2 /* Specie.swift */; };
		7DF0A17022E74B0300CE18C2 /* APIManager.swift in Sources */ = {isa = PBXBuildFile; fileRef = 7DF0A16F22E74B0300CE18C2 /* APIManager.swift */; };
		7DF0A17222E74E0F00CE18C2 /* People.swift in Sources */ = {isa = PBXBuildFile; fileRef = 7DF0A17122E74E0F00CE18C2 /* People.swift */; };
		7DF0A17422E853D100CE18C2 /* PersonsViewController.swift in Sources */ = {isa = PBXBuildFile; fileRef = 7DF0A17322E853D100CE18C2 /* PersonsViewController.swift */; };
/* End PBXBuildFile section */

/* Begin PBXFileReference section */
		02F3BC7FDC2C1FBC4ECB19EB /* Pods-StarWarsDemo.release.xcconfig */ = {isa = PBXFileReference; includeInIndex = 1; lastKnownFileType = text.xcconfig; name = "Pods-StarWarsDemo.release.xcconfig"; path = "Target Support Files/Pods-StarWarsDemo/Pods-StarWarsDemo.release.xcconfig"; sourceTree = "<group>"; };
		0FD6A693703905F8E0AB29B0 /* Pods_StarWarsDemo.framework */ = {isa = PBXFileReference; explicitFileType = wrapper.framework; includeInIndex = 0; path = Pods_StarWarsDemo.framework; sourceTree = BUILT_PRODUCTS_DIR; };
		2A982F9F3276C429E3D355D2 /* Pods-StarWarsDemo.debug.xcconfig */ = {isa = PBXFileReference; includeInIndex = 1; lastKnownFileType = text.xcconfig; name = "Pods-StarWarsDemo.debug.xcconfig"; path = "Target Support Files/Pods-StarWarsDemo/Pods-StarWarsDemo.debug.xcconfig"; sourceTree = "<group>"; };
		7D605EAE2418D875008D038C /* PersonsViewInput.swift */ = {isa = PBXFileReference; lastKnownFileType = sourcecode.swift; path = PersonsViewInput.swift; sourceTree = "<group>"; };
		7D605EB7241A14FD008D038C /* StarJediRounded.ttf */ = {isa = PBXFileReference; lastKnownFileType = file; path = StarJediRounded.ttf; sourceTree = "<group>"; };
		7D8A3F322410DBD40063C803 /* URLSessionAPIManager.swift */ = {isa = PBXFileReference; lastKnownFileType = sourcecode.swift; path = URLSessionAPIManager.swift; sourceTree = "<group>"; };
		7D8A3F34241104DA0063C803 /* DetailViewInput.swift */ = {isa = PBXFileReference; lastKnownFileType = sourcecode.swift; name = DetailViewInput.swift; path = StarWarsDemo/Modules/Detail/ViewModel/DetailViewInput.swift; sourceTree = SOURCE_ROOT; };
		7DA8A1C422E99E6900F42895 /* PersonsViewModel.swift */ = {isa = PBXFileReference; lastKnownFileType = sourcecode.swift; path = PersonsViewModel.swift; sourceTree = "<group>"; };
		7DA8A1C622E99E9A00F42895 /* PersonsCoordinator.swift */ = {isa = PBXFileReference; lastKnownFileType = sourcecode.swift; path = PersonsCoordinator.swift; sourceTree = "<group>"; };
		7DA8A1C822E9A34F00F42895 /* PersonsCoordinatorImpl.swift */ = {isa = PBXFileReference; lastKnownFileType = sourcecode.swift; path = PersonsCoordinatorImpl.swift; sourceTree = "<group>"; };
		7DA8A1CA22E9AA8600F42895 /* PersonsViewModelImpl.swift */ = {isa = PBXFileReference; lastKnownFileType = sourcecode.swift; path = PersonsViewModelImpl.swift; sourceTree = "<group>"; };
		7DA8A1CC22E9B6D600F42895 /* PersonAssembly.swift */ = {isa = PBXFileReference; lastKnownFileType = sourcecode.swift; path = PersonAssembly.swift; sourceTree = "<group>"; };
		7DA8A1CE22E9B70300F42895 /* PersonAssemblyImpl.swift */ = {isa = PBXFileReference; lastKnownFileType = sourcecode.swift; path = PersonAssemblyImpl.swift; sourceTree = "<group>"; };
		7DA8A1D022E9D13500F42895 /* AppCoordinator.swift */ = {isa = PBXFileReference; lastKnownFileType = sourcecode.swift; path = AppCoordinator.swift; sourceTree = "<group>"; };
		7DA8A1D222E9D15F00F42895 /* AppCoordinatorImpl.swift */ = {isa = PBXFileReference; lastKnownFileType = sourcecode.swift; path = AppCoordinatorImpl.swift; sourceTree = "<group>"; };
		7DA8A1D622E9D5B000F42895 /* Persons.storyboard */ = {isa = PBXFileReference; lastKnownFileType = file.storyboard; path = Persons.storyboard; sourceTree = "<group>"; };
		7DA8A1DE22EAE88200F42895 /* MainContainer.swift */ = {isa = PBXFileReference; lastKnownFileType = sourcecode.swift; path = MainContainer.swift; sourceTree = "<group>"; };
		7DA8A1EA22EB346A00F42895 /* Detail.storyboard */ = {isa = PBXFileReference; lastKnownFileType = file.storyboard; path = Detail.storyboard; sourceTree = "<group>"; };
		7DA8A1EC22EB34D100F42895 /* DetailAssembly.swift */ = {isa = PBXFileReference; lastKnownFileType = sourcecode.swift; path = DetailAssembly.swift; sourceTree = "<group>"; };
		7DA8A1EE22EB34F800F42895 /* DetailCoordinator.swift */ = {isa = PBXFileReference; lastKnownFileType = sourcecode.swift; path = DetailCoordinator.swift; sourceTree = "<group>"; };
		7DA8A1F022EB350600F42895 /* DetailCoordinatorImpl.swift */ = {isa = PBXFileReference; lastKnownFileType = sourcecode.swift; path = DetailCoordinatorImpl.swift; sourceTree = "<group>"; };
		7DA8A1F222EB355500F42895 /* DetailAssemblyImpl.swift */ = {isa = PBXFileReference; lastKnownFileType = sourcecode.swift; path = DetailAssemblyImpl.swift; sourceTree = "<group>"; };
		7DA8A1F422EB36F700F42895 /* DetailViewModel.swift */ = {isa = PBXFileReference; lastKnownFileType = sourcecode.swift; path = DetailViewModel.swift; sourceTree = "<group>"; };
		7DA8A1F622EB370400F42895 /* DetailViewModelImpl.swift */ = {isa = PBXFileReference; lastKnownFileType = sourcecode.swift; path = DetailViewModelImpl.swift; sourceTree = "<group>"; };
		7DF0A13A22E6054000CE18C2 /* StarWarsDemo.app */ = {isa = PBXFileReference; explicitFileType = wrapper.application; includeInIndex = 0; path = StarWarsDemo.app; sourceTree = BUILT_PRODUCTS_DIR; };
		7DF0A13D22E6054000CE18C2 /* AppDelegate.swift */ = {isa = PBXFileReference; lastKnownFileType = sourcecode.swift; path = AppDelegate.swift; sourceTree = "<group>"; };
		7DF0A14222E6054000CE18C2 /* Base */ = {isa = PBXFileReference; lastKnownFileType = file.storyboard; name = Base; path = Base.lproj/Main.storyboard; sourceTree = "<group>"; };
		7DF0A14722E6054200CE18C2 /* Assets.xcassets */ = {isa = PBXFileReference; lastKnownFileType = folder.assetcatalog; path = Assets.xcassets; sourceTree = "<group>"; };
		7DF0A14A22E6054200CE18C2 /* Base */ = {isa = PBXFileReference; lastKnownFileType = file.storyboard; name = Base; path = Base.lproj/LaunchScreen.storyboard; sourceTree = "<group>"; };
		7DF0A14C22E6054200CE18C2 /* Info.plist */ = {isa = PBXFileReference; lastKnownFileType = text.plist.xml; path = Info.plist; sourceTree = "<group>"; };
		7DF0A15822E70AD500CE18C2 /* DetailViewController.swift */ = {isa = PBXFileReference; lastKnownFileType = sourcecode.swift; path = DetailViewController.swift; sourceTree = "<group>"; };
		7DF0A15A22E72CAE00CE18C2 /* Person.swift */ = {isa = PBXFileReference; lastKnownFileType = sourcecode.swift; path = Person.swift; sourceTree = "<group>"; };
		7DF0A16222E741FC00CE18C2 /* Planet.swift */ = {isa = PBXFileReference; lastKnownFileType = sourcecode.swift; name = Planet.swift; path = ../View/Planet.swift; sourceTree = "<group>"; };
		7DF0A16422E7433F00CE18C2 /* Film.swift */ = {isa = PBXFileReference; lastKnownFileType = sourcecode.swift; path = Film.swift; sourceTree = "<group>"; };
		7DF0A16622E743A000CE18C2 /* Starship.swift */ = {isa = PBXFileReference; lastKnownFileType = sourcecode.swift; name = Starship.swift; path = ../View/Starship.swift; sourceTree = "<group>"; };
		7DF0A16822E743E700CE18C2 /* Vehicle.swift */ = {isa = PBXFileReference; lastKnownFileType = sourcecode.swift; name = Vehicle.swift; path = ../View/Vehicle.swift; sourceTree = "<group>"; };
		7DF0A16A22E7450100CE18C2 /* Specie.swift */ = {isa = PBXFileReference; lastKnownFileType = sourcecode.swift; name = Specie.swift; path = ../View/Specie.swift; sourceTree = "<group>"; };
		7DF0A16F22E74B0300CE18C2 /* APIManager.swift */ = {isa = PBXFileReference; lastKnownFileType = sourcecode.swift; path = APIManager.swift; sourceTree = "<group>"; };
		7DF0A17122E74E0F00CE18C2 /* People.swift */ = {isa = PBXFileReference; lastKnownFileType = sourcecode.swift; path = People.swift; sourceTree = "<group>"; };
		7DF0A17322E853D100CE18C2 /* PersonsViewController.swift */ = {isa = PBXFileReference; lastKnownFileType = sourcecode.swift; path = PersonsViewController.swift; sourceTree = "<group>"; };
/* End PBXFileReference section */

/* Begin PBXFrameworksBuildPhase section */
		7DF0A13722E6054000CE18C2 /* Frameworks */ = {
			isa = PBXFrameworksBuildPhase;
			buildActionMask = 2147483647;
			files = (
				62FD70AF02635CACB2429E65 /* Pods_StarWarsDemo.framework in Frameworks */,
			);
			runOnlyForDeploymentPostprocessing = 0;
		};
/* End PBXFrameworksBuildPhase section */

/* Begin PBXGroup section */
		7D605EB02419197F008D038C /* Supporting files */ = {
			isa = PBXGroup;
			children = (
				7DF0A14722E6054200CE18C2 /* Assets.xcassets */,
				7DF0A14922E6054200CE18C2 /* LaunchScreen.storyboard */,
			);
			path = "Supporting files";
			sourceTree = "<group>";
		};
		7DA8A1E022EAEF1600F42895 /* Main */ = {
			isa = PBXGroup;
			children = (
				7DF0A14122E6054000CE18C2 /* Main.storyboard */,
				7DA8A1DE22EAE88200F42895 /* MainContainer.swift */,
			);
			path = Main;
			sourceTree = "<group>";
		};
		7DA8A1E222EB078A00F42895 /* Application */ = {
			isa = PBXGroup;
			children = (
				7DF0A13D22E6054000CE18C2 /* AppDelegate.swift */,
				7DA8A1D022E9D13500F42895 /* AppCoordinator.swift */,
				7DA8A1D222E9D15F00F42895 /* AppCoordinatorImpl.swift */,
			);
			path = Application;
			sourceTree = "<group>";
		};
		7DA8A1E322EB07A000F42895 /* View */ = {
			isa = PBXGroup;
			children = (
				7DF0A17322E853D100CE18C2 /* PersonsViewController.swift */,
				7DA8A1D622E9D5B000F42895 /* Persons.storyboard */,
				7D605EAE2418D875008D038C /* PersonsViewInput.swift */,
			);
			path = View;
			sourceTree = "<group>";
		};
		7DA8A1E422EB07B800F42895 /* Detail */ = {
			isa = PBXGroup;
			children = (
				7DA8A1F822EB4CAF00F42895 /* Assembly */,
				7DA8A1F922EB4CBD00F42895 /* View */,
				7DA8A1FA22EB4CC400F42895 /* ViewModel */,
				7DA8A1FB22EB4CCC00F42895 /* Coordinator */,
			);
			path = Detail;
			sourceTree = "<group>";
		};
		7DA8A1E522EB07C200F42895 /* Assembly */ = {
			isa = PBXGroup;
			children = (
				7DA8A1CC22E9B6D600F42895 /* PersonAssembly.swift */,
				7DA8A1CE22E9B70300F42895 /* PersonAssemblyImpl.swift */,
			);
			path = Assembly;
			sourceTree = "<group>";
		};
		7DA8A1E822EB163300F42895 /* Modules */ = {
			isa = PBXGroup;
			children = (
				7DA8A1E922EB164E00F42895 /* Persons */,
				7DA8A1E422EB07B800F42895 /* Detail */,
			);
			path = Modules;
			sourceTree = "<group>";
		};
		7DA8A1E922EB164E00F42895 /* Persons */ = {
			isa = PBXGroup;
			children = (
				7DA8A1E522EB07C200F42895 /* Assembly */,
				7DF0A16022E7408200CE18C2 /* ViewModel */,
				7DA8A1E322EB07A000F42895 /* View */,
				7DF0A16122E7408B00CE18C2 /* Coordinator */,
			);
			path = Persons;
			sourceTree = "<group>";
		};
		7DA8A1F822EB4CAF00F42895 /* Assembly */ = {
			isa = PBXGroup;
			children = (
				7DA8A1EC22EB34D100F42895 /* DetailAssembly.swift */,
				7DA8A1F222EB355500F42895 /* DetailAssemblyImpl.swift */,
			);
			path = Assembly;
			sourceTree = "<group>";
		};
		7DA8A1F922EB4CBD00F42895 /* View */ = {
			isa = PBXGroup;
			children = (
				7D8A3F34241104DA0063C803 /* DetailViewInput.swift */,
				7DF0A15822E70AD500CE18C2 /* DetailViewController.swift */,
				7DA8A1EA22EB346A00F42895 /* Detail.storyboard */,
			);
			path = View;
			sourceTree = "<group>";
		};
		7DA8A1FA22EB4CC400F42895 /* ViewModel */ = {
			isa = PBXGroup;
			children = (
				7DA8A1F422EB36F700F42895 /* DetailViewModel.swift */,
				7DA8A1F622EB370400F42895 /* DetailViewModelImpl.swift */,
			);
			path = ViewModel;
			sourceTree = "<group>";
		};
		7DA8A1FB22EB4CCC00F42895 /* Coordinator */ = {
			isa = PBXGroup;
			children = (
				7DA8A1EE22EB34F800F42895 /* DetailCoordinator.swift */,
				7DA8A1F022EB350600F42895 /* DetailCoordinatorImpl.swift */,
			);
			path = Coordinator;
			sourceTree = "<group>";
		};
		7DF0A13122E6054000CE18C2 = {
			isa = PBXGroup;
			children = (
				7DF0A13C22E6054000CE18C2 /* StarWarsDemo */,
				7DF0A13B22E6054000CE18C2 /* Products */,
				9D4FF6907409E1D8821EDA97 /* Pods */,
				DD2647964975D3D1FBC2388C /* Frameworks */,
			);
			sourceTree = "<group>";
		};
		7DF0A13B22E6054000CE18C2 /* Products */ = {
			isa = PBXGroup;
			children = (
				7DF0A13A22E6054000CE18C2 /* StarWarsDemo.app */,
			);
			name = Products;
			sourceTree = "<group>";
		};
		7DF0A13C22E6054000CE18C2 /* StarWarsDemo */ = {
			isa = PBXGroup;
			children = (
				7DA8A1E222EB078A00F42895 /* Application */,
				7DA8A1E022EAEF1600F42895 /* Main */,
				7DF0A16E22E746E000CE18C2 /* Network */,
				7DF0A15E22E7407300CE18C2 /* Models */,
				7DA8A1E822EB163300F42895 /* Modules */,
				7D605EB02419197F008D038C /* Supporting files */,
				7D605EB7241A14FD008D038C /* StarJediRounded.ttf */,
				7DF0A14C22E6054200CE18C2 /* Info.plist */,
			);
			path = StarWarsDemo;
			sourceTree = "<group>";
		};
		7DF0A15E22E7407300CE18C2 /* Models */ = {
			isa = PBXGroup;
			children = (
				7DF0A15A22E72CAE00CE18C2 /* Person.swift */,
				7DF0A16222E741FC00CE18C2 /* Planet.swift */,
				7DF0A16422E7433F00CE18C2 /* Film.swift */,
				7DF0A16622E743A000CE18C2 /* Starship.swift */,
				7DF0A16822E743E700CE18C2 /* Vehicle.swift */,
				7DF0A16A22E7450100CE18C2 /* Specie.swift */,
				7DF0A17122E74E0F00CE18C2 /* People.swift */,
			);
			path = Models;
			sourceTree = "<group>";
		};
		7DF0A16022E7408200CE18C2 /* ViewModel */ = {
			isa = PBXGroup;
			children = (
				7DA8A1C422E99E6900F42895 /* PersonsViewModel.swift */,
				7DA8A1CA22E9AA8600F42895 /* PersonsViewModelImpl.swift */,
			);
			path = ViewModel;
			sourceTree = "<group>";
		};
		7DF0A16122E7408B00CE18C2 /* Coordinator */ = {
			isa = PBXGroup;
			children = (
				7DA8A1C622E99E9A00F42895 /* PersonsCoordinator.swift */,
				7DA8A1C822E9A34F00F42895 /* PersonsCoordinatorImpl.swift */,
			);
			path = Coordinator;
			sourceTree = "<group>";
		};
		7DF0A16E22E746E000CE18C2 /* Network */ = {
			isa = PBXGroup;
			children = (
				7DF0A16F22E74B0300CE18C2 /* APIManager.swift */,
				7D8A3F322410DBD40063C803 /* URLSessionAPIManager.swift */,
			);
			path = Network;
			sourceTree = "<group>";
		};
		9D4FF6907409E1D8821EDA97 /* Pods */ = {
			isa = PBXGroup;
			children = (
				2A982F9F3276C429E3D355D2 /* Pods-StarWarsDemo.debug.xcconfig */,
				02F3BC7FDC2C1FBC4ECB19EB /* Pods-StarWarsDemo.release.xcconfig */,
			);
			path = Pods;
			sourceTree = "<group>";
		};
		DD2647964975D3D1FBC2388C /* Frameworks */ = {
			isa = PBXGroup;
			children = (
				0FD6A693703905F8E0AB29B0 /* Pods_StarWarsDemo.framework */,
			);
			name = Frameworks;
			sourceTree = "<group>";
		};
/* End PBXGroup section */

/* Begin PBXNativeTarget section */
		7DF0A13922E6054000CE18C2 /* StarWarsDemo */ = {
			isa = PBXNativeTarget;
			buildConfigurationList = 7DF0A14F22E6054200CE18C2 /* Build configuration list for PBXNativeTarget "StarWarsDemo" */;
			buildPhases = (
				3800231BEFDC0394420AFAA7 /* [CP] Check Pods Manifest.lock */,
				7DF0A13622E6054000CE18C2 /* Sources */,
				7DF0A13722E6054000CE18C2 /* Frameworks */,
				7DF0A13822E6054000CE18C2 /* Resources */,
				95DD860D6BB02EAE27329CEA /* [CP] Embed Pods Frameworks */,
			);
			buildRules = (
			);
			dependencies = (
			);
			name = StarWarsDemo;
			productName = StarWarsDemo;
			productReference = 7DF0A13A22E6054000CE18C2 /* StarWarsDemo.app */;
			productType = "com.apple.product-type.application";
		};
/* End PBXNativeTarget section */

/* Begin PBXProject section */
		7DF0A13222E6054000CE18C2 /* Project object */ = {
			isa = PBXProject;
			attributes = {
				LastSwiftUpdateCheck = 1020;
				LastUpgradeCheck = 1020;
				ORGANIZATIONNAME = "Никита Королев";
				TargetAttributes = {
					7DF0A13922E6054000CE18C2 = {
						CreatedOnToolsVersion = 10.2.1;
					};
				};
			};
			buildConfigurationList = 7DF0A13522E6054000CE18C2 /* Build configuration list for PBXProject "StarWarsDemo" */;
			compatibilityVersion = "Xcode 9.3";
			developmentRegion = en;
			hasScannedForEncodings = 0;
			knownRegions = (
				en,
				Base,
			);
			mainGroup = 7DF0A13122E6054000CE18C2;
			productRefGroup = 7DF0A13B22E6054000CE18C2 /* Products */;
			projectDirPath = "";
			projectRoot = "";
			targets = (
				7DF0A13922E6054000CE18C2 /* StarWarsDemo */,
			);
		};
/* End PBXProject section */

/* Begin PBXResourcesBuildPhase section */
		7DF0A13822E6054000CE18C2 /* Resources */ = {
			isa = PBXResourcesBuildPhase;
			buildActionMask = 2147483647;
			files = (
				7DF0A14B22E6054200CE18C2 /* LaunchScreen.storyboard in Resources */,
				7DF0A14822E6054200CE18C2 /* Assets.xcassets in Resources */,
				7D605EB8241A14FD008D038C /* StarJediRounded.ttf in Resources */,
				7DF0A14322E6054000CE18C2 /* Main.storyboard in Resources */,
				7DA8A1EB22EB346A00F42895 /* Detail.storyboard in Resources */,
				7DA8A1D722E9D5B000F42895 /* Persons.storyboard in Resources */,
			);
			runOnlyForDeploymentPostprocessing = 0;
		};
/* End PBXResourcesBuildPhase section */

/* Begin PBXShellScriptBuildPhase section */
		3800231BEFDC0394420AFAA7 /* [CP] Check Pods Manifest.lock */ = {
			isa = PBXShellScriptBuildPhase;
			buildActionMask = 2147483647;
			files = (
			);
			inputFileListPaths = (
			);
			inputPaths = (
				"${PODS_PODFILE_DIR_PATH}/Podfile.lock",
				"${PODS_ROOT}/Manifest.lock",
			);
			name = "[CP] Check Pods Manifest.lock";
			outputFileListPaths = (
			);
			outputPaths = (
				"$(DERIVED_FILE_DIR)/Pods-StarWarsDemo-checkManifestLockResult.txt",
			);
			runOnlyForDeploymentPostprocessing = 0;
			shellPath = /bin/sh;
			shellScript = "diff \"${PODS_PODFILE_DIR_PATH}/Podfile.lock\" \"${PODS_ROOT}/Manifest.lock\" > /dev/null\nif [ $? != 0 ] ; then\n    # print error to STDERR\n    echo \"error: The sandbox is not in sync with the Podfile.lock. Run 'pod install' or update your CocoaPods installation.\" >&2\n    exit 1\nfi\n# This output is used by Xcode 'outputs' to avoid re-running this script phase.\necho \"SUCCESS\" > \"${SCRIPT_OUTPUT_FILE_0}\"\n";
			showEnvVarsInLog = 0;
		};
		95DD860D6BB02EAE27329CEA /* [CP] Embed Pods Frameworks */ = {
			isa = PBXShellScriptBuildPhase;
			buildActionMask = 2147483647;
			files = (
			);
			inputFileListPaths = (
				"${PODS_ROOT}/Target Support Files/Pods-StarWarsDemo/Pods-StarWarsDemo-frameworks-${CONFIGURATION}-input-files.xcfilelist",
			);
			name = "[CP] Embed Pods Frameworks";
			outputFileListPaths = (
				"${PODS_ROOT}/Target Support Files/Pods-StarWarsDemo/Pods-StarWarsDemo-frameworks-${CONFIGURATION}-output-files.xcfilelist",
			);
			runOnlyForDeploymentPostprocessing = 0;
			shellPath = /bin/sh;
			shellScript = "\"${PODS_ROOT}/Target Support Files/Pods-StarWarsDemo/Pods-StarWarsDemo-frameworks.sh\"\n";
			showEnvVarsInLog = 0;
		};
/* End PBXShellScriptBuildPhase section */

/* Begin PBXSourcesBuildPhase section */
		7DF0A13622E6054000CE18C2 /* Sources */ = {
			isa = PBXSourcesBuildPhase;
			buildActionMask = 2147483647;
			files = (
				7DA8A1C722E99E9A00F42895 /* PersonsCoordinator.swift in Sources */,
				7DA8A1CB22E9AA8600F42895 /* PersonsViewModelImpl.swift in Sources */,
				7DF0A16722E743A000CE18C2 /* Starship.swift in Sources */,
				7DA8A1C522E99E6900F42895 /* PersonsViewModel.swift in Sources */,
				7DA8A1DF22EAE88200F42895 /* MainContainer.swift in Sources */,
				7DF0A17422E853D100CE18C2 /* PersonsViewController.swift in Sources */,
				7DA8A1D322E9D15F00F42895 /* AppCoordinatorImpl.swift in Sources */,
				7DA8A1F722EB370400F42895 /* DetailViewModelImpl.swift in Sources */,
				7DA8A1F322EB355500F42895 /* DetailAssemblyImpl.swift in Sources */,
				7DA8A1EF22EB34F800F42895 /* DetailCoordinator.swift in Sources */,
				7D8A3F35241104DB0063C803 /* DetailViewInput.swift in Sources */,
				7DA8A1CF22E9B70300F42895 /* PersonAssemblyImpl.swift in Sources */,
				7DF0A16B22E7450100CE18C2 /* Specie.swift in Sources */,
				7D8A3F332410DBD40063C803 /* URLSessionAPIManager.swift in Sources */,
				7DA8A1F122EB350600F42895 /* DetailCoordinatorImpl.swift in Sources */,
				7DA8A1ED22EB34D100F42895 /* DetailAssembly.swift in Sources */,
				7DF0A16322E741FC00CE18C2 /* Planet.swift in Sources */,
				7DF0A17222E74E0F00CE18C2 /* People.swift in Sources */,
				7DF0A15B22E72CAE00CE18C2 /* Person.swift in Sources */,
				7DA8A1D122E9D13500F42895 /* AppCoordinator.swift in Sources */,
				7D605EAF2418D875008D038C /* PersonsViewInput.swift in Sources */,
				7DF0A13E22E6054000CE18C2 /* AppDelegate.swift in Sources */,
				7DA8A1CD22E9B6D600F42895 /* PersonAssembly.swift in Sources */,
				7DF0A16922E743E700CE18C2 /* Vehicle.swift in Sources */,
				7DA8A1F522EB36F700F42895 /* DetailViewModel.swift in Sources */,
				7DF0A17022E74B0300CE18C2 /* APIManager.swift in Sources */,
				7DF0A16522E7433F00CE18C2 /* Film.swift in Sources */,
				7DF0A15922E70AD500CE18C2 /* DetailViewController.swift in Sources */,
				7DA8A1C922E9A34F00F42895 /* PersonsCoordinatorImpl.swift in Sources */,
			);
			runOnlyForDeploymentPostprocessing = 0;
		};
/* End PBXSourcesBuildPhase section */

/* Begin PBXVariantGroup section */
		7DF0A14122E6054000CE18C2 /* Main.storyboard */ = {
			isa = PBXVariantGroup;
			children = (
				7DF0A14222E6054000CE18C2 /* Base */,
			);
			name = Main.storyboard;
			sourceTree = "<group>";
		};
		7DF0A14922E6054200CE18C2 /* LaunchScreen.storyboard */ = {
			isa = PBXVariantGroup;
			children = (
				7DF0A14A22E6054200CE18C2 /* Base */,
			);
			name = LaunchScreen.storyboard;
			sourceTree = "<group>";
		};
/* End PBXVariantGroup section */

/* Begin XCBuildConfiguration section */
		7DF0A14D22E6054200CE18C2 /* Debug */ = {
			isa = XCBuildConfiguration;
			buildSettings = {
				ALWAYS_SEARCH_USER_PATHS = NO;
				CLANG_ANALYZER_NONNULL = YES;
				CLANG_ANALYZER_NUMBER_OBJECT_CONVERSION = YES_AGGRESSIVE;
				CLANG_CXX_LANGUAGE_STANDARD = "gnu++14";
				CLANG_CXX_LIBRARY = "libc++";
				CLANG_ENABLE_MODULES = YES;
				CLANG_ENABLE_OBJC_ARC = YES;
				CLANG_ENABLE_OBJC_WEAK = YES;
				CLANG_WARN_BLOCK_CAPTURE_AUTORELEASING = YES;
				CLANG_WARN_BOOL_CONVERSION = YES;
				CLANG_WARN_COMMA = YES;
				CLANG_WARN_CONSTANT_CONVERSION = YES;
				CLANG_WARN_DEPRECATED_OBJC_IMPLEMENTATIONS = YES;
				CLANG_WARN_DIRECT_OBJC_ISA_USAGE = YES_ERROR;
				CLANG_WARN_DOCUMENTATION_COMMENTS = YES;
				CLANG_WARN_EMPTY_BODY = YES;
				CLANG_WARN_ENUM_CONVERSION = YES;
				CLANG_WARN_INFINITE_RECURSION = YES;
				CLANG_WARN_INT_CONVERSION = YES;
				CLANG_WARN_NON_LITERAL_NULL_CONVERSION = YES;
				CLANG_WARN_OBJC_IMPLICIT_RETAIN_SELF = YES;
				CLANG_WARN_OBJC_LITERAL_CONVERSION = YES;
				CLANG_WARN_OBJC_ROOT_CLASS = YES_ERROR;
				CLANG_WARN_RANGE_LOOP_ANALYSIS = YES;
				CLANG_WARN_STRICT_PROTOTYPES = YES;
				CLANG_WARN_SUSPICIOUS_MOVE = YES;
				CLANG_WARN_UNGUARDED_AVAILABILITY = YES_AGGRESSIVE;
				CLANG_WARN_UNREACHABLE_CODE = YES;
				CLANG_WARN__DUPLICATE_METHOD_MATCH = YES;
				CODE_SIGN_IDENTITY = "iPhone Developer";
				COPY_PHASE_STRIP = NO;
				DEBUG_INFORMATION_FORMAT = dwarf;
				ENABLE_STRICT_OBJC_MSGSEND = YES;
				ENABLE_TESTABILITY = YES;
				GCC_C_LANGUAGE_STANDARD = gnu11;
				GCC_DYNAMIC_NO_PIC = NO;
				GCC_NO_COMMON_BLOCKS = YES;
				GCC_OPTIMIZATION_LEVEL = 0;
				GCC_PREPROCESSOR_DEFINITIONS = (
					"DEBUG=1",
					"$(inherited)",
				);
				GCC_WARN_64_TO_32_BIT_CONVERSION = YES;
				GCC_WARN_ABOUT_RETURN_TYPE = YES_ERROR;
				GCC_WARN_UNDECLARED_SELECTOR = YES;
				GCC_WARN_UNINITIALIZED_AUTOS = YES_AGGRESSIVE;
				GCC_WARN_UNUSED_FUNCTION = YES;
				GCC_WARN_UNUSED_VARIABLE = YES;
				IPHONEOS_DEPLOYMENT_TARGET = 12.2;
				MTL_ENABLE_DEBUG_INFO = INCLUDE_SOURCE;
				MTL_FAST_MATH = YES;
				ONLY_ACTIVE_ARCH = YES;
				SDKROOT = iphoneos;
				SWIFT_ACTIVE_COMPILATION_CONDITIONS = DEBUG;
				SWIFT_OPTIMIZATION_LEVEL = "-Onone";
			};
			name = Debug;
		};
		7DF0A14E22E6054200CE18C2 /* Release */ = {
			isa = XCBuildConfiguration;
			buildSettings = {
				ALWAYS_SEARCH_USER_PATHS = NO;
				CLANG_ANALYZER_NONNULL = YES;
				CLANG_ANALYZER_NUMBER_OBJECT_CONVERSION = YES_AGGRESSIVE;
				CLANG_CXX_LANGUAGE_STANDARD = "gnu++14";
				CLANG_CXX_LIBRARY = "libc++";
				CLANG_ENABLE_MODULES = YES;
				CLANG_ENABLE_OBJC_ARC = YES;
				CLANG_ENABLE_OBJC_WEAK = YES;
				CLANG_WARN_BLOCK_CAPTURE_AUTORELEASING = YES;
				CLANG_WARN_BOOL_CONVERSION = YES;
				CLANG_WARN_COMMA = YES;
				CLANG_WARN_CONSTANT_CONVERSION = YES;
				CLANG_WARN_DEPRECATED_OBJC_IMPLEMENTATIONS = YES;
				CLANG_WARN_DIRECT_OBJC_ISA_USAGE = YES_ERROR;
				CLANG_WARN_DOCUMENTATION_COMMENTS = YES;
				CLANG_WARN_EMPTY_BODY = YES;
				CLANG_WARN_ENUM_CONVERSION = YES;
				CLANG_WARN_INFINITE_RECURSION = YES;
				CLANG_WARN_INT_CONVERSION = YES;
				CLANG_WARN_NON_LITERAL_NULL_CONVERSION = YES;
				CLANG_WARN_OBJC_IMPLICIT_RETAIN_SELF = YES;
				CLANG_WARN_OBJC_LITERAL_CONVERSION = YES;
				CLANG_WARN_OBJC_ROOT_CLASS = YES_ERROR;
				CLANG_WARN_RANGE_LOOP_ANALYSIS = YES;
				CLANG_WARN_STRICT_PROTOTYPES = YES;
				CLANG_WARN_SUSPICIOUS_MOVE = YES;
				CLANG_WARN_UNGUARDED_AVAILABILITY = YES_AGGRESSIVE;
				CLANG_WARN_UNREACHABLE_CODE = YES;
				CLANG_WARN__DUPLICATE_METHOD_MATCH = YES;
				CODE_SIGN_IDENTITY = "iPhone Developer";
				COPY_PHASE_STRIP = NO;
				DEBUG_INFORMATION_FORMAT = "dwarf-with-dsym";
				ENABLE_NS_ASSERTIONS = NO;
				ENABLE_STRICT_OBJC_MSGSEND = YES;
				GCC_C_LANGUAGE_STANDARD = gnu11;
				GCC_NO_COMMON_BLOCKS = YES;
				GCC_WARN_64_TO_32_BIT_CONVERSION = YES;
				GCC_WARN_ABOUT_RETURN_TYPE = YES_ERROR;
				GCC_WARN_UNDECLARED_SELECTOR = YES;
				GCC_WARN_UNINITIALIZED_AUTOS = YES_AGGRESSIVE;
				GCC_WARN_UNUSED_FUNCTION = YES;
				GCC_WARN_UNUSED_VARIABLE = YES;
				IPHONEOS_DEPLOYMENT_TARGET = 12.2;
				MTL_ENABLE_DEBUG_INFO = NO;
				MTL_FAST_MATH = YES;
				SDKROOT = iphoneos;
				SWIFT_COMPILATION_MODE = wholemodule;
				SWIFT_OPTIMIZATION_LEVEL = "-O";
				VALIDATE_PRODUCT = YES;
			};
			name = Release;
		};
		7DF0A15022E6054200CE18C2 /* Debug */ = {
			isa = XCBuildConfiguration;
			baseConfigurationReference = 2A982F9F3276C429E3D355D2 /* Pods-StarWarsDemo.debug.xcconfig */;
			buildSettings = {
				ASSETCATALOG_COMPILER_APPICON_NAME = AppIcon;
				CODE_SIGN_STYLE = Automatic;
				DEVELOPMENT_TEAM = MUPSX863JX;
				INFOPLIST_FILE = StarWarsDemo/Info.plist;
				LD_RUNPATH_SEARCH_PATHS = (
					"$(inherited)",
					"@executable_path/Frameworks",
				);
				PRODUCT_BUNDLE_IDENTIFIER = senlaStudying.StarWarsDemo;
				PRODUCT_NAME = "$(TARGET_NAME)";
				SWIFT_VERSION = 5.0;
				TARGETED_DEVICE_FAMILY = "1,2";
			};
			name = Debug;
		};
		7DF0A15122E6054200CE18C2 /* Release */ = {
			isa = XCBuildConfiguration;
			baseConfigurationReference = 02F3BC7FDC2C1FBC4ECB19EB /* Pods-StarWarsDemo.release.xcconfig */;
			buildSettings = {
				ASSETCATALOG_COMPILER_APPICON_NAME = AppIcon;
				CODE_SIGN_STYLE = Automatic;
				DEVELOPMENT_TEAM = MUPSX863JX;
				INFOPLIST_FILE = StarWarsDemo/Info.plist;
				LD_RUNPATH_SEARCH_PATHS = (
					"$(inherited)",
					"@executable_path/Frameworks",
				);
				PRODUCT_BUNDLE_IDENTIFIER = senlaStudying.StarWarsDemo;
				PRODUCT_NAME = "$(TARGET_NAME)";
				SWIFT_VERSION = 5.0;
				TARGETED_DEVICE_FAMILY = "1,2";
			};
			name = Release;
		};
/* End XCBuildConfiguration section */

/* Begin XCConfigurationList section */
		7DF0A13522E6054000CE18C2 /* Build configuration list for PBXProject "StarWarsDemo" */ = {
			isa = XCConfigurationList;
			buildConfigurations = (
				7DF0A14D22E6054200CE18C2 /* Debug */,
				7DF0A14E22E6054200CE18C2 /* Release */,
			);
			defaultConfigurationIsVisible = 0;
			defaultConfigurationName = Release;
		};
		7DF0A14F22E6054200CE18C2 /* Build configuration list for PBXNativeTarget "StarWarsDemo" */ = {
			isa = XCConfigurationList;
			buildConfigurations = (
				7DF0A15022E6054200CE18C2 /* Debug */,
				7DF0A15122E6054200CE18C2 /* Release */,
			);
			defaultConfigurationIsVisible = 0;
			defaultConfigurationName = Release;
		};
/* End XCConfigurationList section */
	};
	rootObject = 7DF0A13222E6054000CE18C2 /* Project object */;
}
